github.com/grpc-ecosystem/grpc-gateway/v2 v2.22.0 h1:asbCHRVmodnJTuQ3qamDwqVOIjwqUPTYmYuemVOx+Ys=
github.com/grpc-ecosystem/grpc-gateway/v2 v2.22.0/go.mod h1:ggCgvZ2r7uOoQjOyu2Y1NhHmEPPzzuhWgcza5M1Ji1I=
golang.org/x/text v0.17.0 h1:XtiM5bkSOt+ewxlOE/aE/AKEHibwj/6gvWMl9Rsh0Qc=
golang.org/x/text v0.17.0/go.mod h1:BuEKDfySbSR4drPmRPG/7iBdf8hvFMuRexcpahXilzY=
google.golang.org/genproto/googleapis/api v0.0.0-20240814211410-ddb44dafa142 h1:wKguEg1hsxI2/L3hUYrpo1RVi48K+uTyzKqprwLXsb8=
google.golang.org/genproto/googleapis/api v0.0.0-20240814211410-ddb44dafa142/go.mod h1:d6be+8HhtEtucleCbxpPW9PA9XwISACu8nvpPqF0BVo=
google.golang.org/grpc v1.64.1 h1:LKtvyfbX3UGVPFcGqJ9ItpVWW6oN/2XqTxfAnwRRXiA=
google.golang.org/grpc v1.64.1/go.mod h1:hiQF4LFZelK2WKaP6W0L92zGHtiQdZxk8CrSdvyjeP0=
google.golang.org/grpc v1.65.0 h1:bs/cUb4lp1G5iImFFd3u5ixQzweKizoZJAwBNLR42lc=
google.golang.org/grpc v1.65.0/go.mod h1:WgYC2ypjlB0EiQi6wdKixMqukr6lBc0Vo+oOgjrM5ZQ=
google.golang.org/grpc/cmd/protoc-gen-go-grpc v1.5.1 h1:F29+wU6Ee6qgu9TddPgooOdaqsxTMunOoj8KA5yuS5A=
google.golang.org/grpc/cmd/protoc-gen-go-grpc v1.5.1/go.mod h1:5KF+wpkbTSbGcR9zteSqZV6fqFOWBl4Yde8En8MryZA=
google.golang.org/protobuf v1.34.2 h1:6xV6lTsCfpGD21XK49h7MhtcApnLqkfYgPcdHftf6hg=
google.golang.org/protobuf v1.34.2/go.mod h1:qYOHts0dSfpeUzUFpOMr/WGzszTmLH+DiWniOlNbLDw=
gopkg.in/check.v1 v0.0.0-20161208181325-20d25e280405/go.mod h1:Co6ibVJAznAaIkqp8huTwlJQCZ016jof/cbN4VW5Yz0=
gopkg.in/yaml.v3 v3.0.1 h1:fxVm/GzAzEWqLHuvctI91KS9hhNmmWOoWu0XTYJS7CA=
gopkg.in/yaml.v3 v3.0.1/go.mod h1:K4uyk7z7BCEPqu6E+C64Yfv1cQ7kz7rIZviUmN+EgEM=
